
Microsoft Visual Studio Solution File, Format Version 12.00
# Visual Studio Version 17
VisualStudioVersion = 17.8.34316.72
MinimumVisualStudioVersion = 10.0.40219.1
Project("{9A19103F-16F7-4668-BE54-9A1E7A4F7556}") = "SpecFlowBDDAutomationFramework", "SpecFlowBDDAutomationFramework.csproj", "{EF30294D-284D-4163-A379-4E09FC37D2FD}"
EndProject
Global
	GlobalSection(SolutionConfigurationPlatforms) = preSolution
		Debug|Any CPU = Debug|Any CPU
		Release|Any CPU = Release|Any CPU
	EndGlobalSection
	GlobalSection(ProjectConfigurationPlatforms) = postSolution
		{EF30294D-284D-4163-A379-4E09FC37D2FD}.Debug|Any CPU.ActiveCfg = Debug|Any CPU
		{EF30294D-284D-4163-A379-4E09FC37D2FD}.Debug|Any CPU.Build.0 = Debug|Any CPU
		{EF30294D-284D-4163-A379-4E09FC37D2FD}.Release|Any CPU.ActiveCfg = Release|Any CPU
		{EF30294D-284D-4163-A379-4E09FC37D2FD}.Release|Any CPU.Build.0 = Release|Any CPU
	EndGlobalSection
	GlobalSection(SolutionProperties) = preSolution
		HideSolutionNode = FALSE
	EndGlobalSection
	GlobalSection(ExtensibilityGlobals) = postSolution
		SolutionGuid = {0B040B7D-8D5B-4E8E-9BB3-06D5A49A04A7}
	EndGlobalSection
EndGlobal
